
Microsoft Visual Studio Solution File, Format Version 12.00
# Visual Studio Version 17
VisualStudioVersion = 17.7.34221.43
MinimumVisualStudioVersion = 10.0.40219.1
Project("{FAE04EC0-301F-11D3-BF4B-00C04F79EFBC}") = "Interfejsy", "Interfejsy\Interfejsy.csproj", "{11231B38-1D2D-497C-AD3E-AABA750D82B8}"
EndProject
Global
	GlobalSection(SolutionConfigurationPlatforms) = preSolution
		Debug|Any CPU = Debug|Any CPU
		Release|Any CPU = Release|Any CPU
	EndGlobalSection
	GlobalSection(ProjectConfigurationPlatforms) = postSolution
		{11231B38-1D2D-497C-AD3E-AABA750D82B8}.Debug|Any CPU.ActiveCfg = Debug|Any CPU
		{11231B38-1D2D-497C-AD3E-AABA750D82B8}.Debug|Any CPU.Build.0 = Debug|Any CPU
		{11231B38-1D2D-497C-AD3E-AABA750D82B8}.Release|Any CPU.ActiveCfg = Release|Any CPU
		{11231B38-1D2D-497C-AD3E-AABA750D82B8}.Release|Any CPU.Build.0 = Release|Any CPU
	EndGlobalSection
	GlobalSection(SolutionProperties) = preSolution
		HideSolutionNode = FALSE
	EndGlobalSection
	GlobalSection(ExtensibilityGlobals) = postSolution
		SolutionGuid = {6D3E2392-DAEA-467B-822C-763DC62DC30F}
	EndGlobalSection
EndGlobal
